// !$*UTF8*$!
{
	archiveVersion = 1;
	classes = {
	};
	objectVersion = 46;
	objects = {

/* Begin PBXBuildFile section */
		02CC91DA07E6F4D5C1E371A0 /* include_juce_cryptography.mm */ = {isa = PBXBuildFile; fileRef = 581FB50CE9EE4551FB796564; };
		03FC72E5065CEF9E0C533385 /* EntityManager.cpp */ = {isa = PBXBuildFile; fileRef = 22B76F4980A22D40C97C8996; };
		04BEEEBD7B492EBEEC19CF12 /* Util.cpp */ = {isa = PBXBuildFile; fileRef = 086E2A709DB2A17B51F3FF2F; };
		05AD1EC55D2C6302ED178B97 /* ReactionManager.cpp */ = {isa = PBXBuildFile; fileRef = 74B0702C8DF6E5343D945394; };
		060027DC34860C9C800706F6 /* include_juce_osc.cpp */ = {isa = PBXBuildFile; fileRef = AB46FF28AD2C6E63E27323E9; };
		11C8BC36151320EEFA34DDA0 /* FirstExitTime.cpp */ = {isa = PBXBuildFile; fileRef = 26301CA02A17C32F6C80E82D; };
		1490988804F81BDA6B60B654 /* SimEntity.cpp */ = {isa = PBXBuildFile; fileRef = 403459A56259FA0C77D01E6D; };
		172B54273F79561BA31CB92D /* Entity.cpp */ = {isa = PBXBuildFile; fileRef = ABACD94518FB78F24075F5C2; };
		17DC8E199AA7E3D7C45D537D /* KineticLaw.cpp */ = {isa = PBXBuildFile; fileRef = 89515CB4FD83FB1F197DB132; };
		19D5838B14F0ED8CB2B684DB /* SimReaction.cpp */ = {isa = PBXBuildFile; fileRef = B8252F1965CFB9A32C234CA4; };
		2AA058B1E54B8EF86E9EF667 /* PAC.cpp */ = {isa = PBXBuildFile; fileRef = 0A3CC5BA63C4CFB8D89F0D2A; };
		34CE593BA3911DF741A62A82 /* Generation.cpp */ = {isa = PBXBuildFile; fileRef = E70390156D59535F88C324EE; };
		3643C35E0566B0977790976D /* App */ = {isa = PBXBuildFile; fileRef = 4CFBA259531D5BF810C36978; };
		3B92140033C6EB68B9EAFF70 /* include_juce_organicui4.cpp */ = {isa = PBXBuildFile; fileRef = 513783C722ABE4247EF332C1; };
		452DA69D456BD098F0FBFB8F /* RecentFilesMenuTemplate.nib */ = {isa = PBXBuildFile; fileRef = A7BC937A724A15B058475F3E; };
		56D3F2C0776F0EBF9BBBD19F /* include_juce_graphics.mm */ = {isa = PBXBuildFile; fileRef = 94ADA8C705B58B18B65F8620; };
		5884FFF13E5628D9E1A530BD /* EmergeNSEngine.cpp */ = {isa = PBXBuildFile; fileRef = C833D6AD5C82FFD248DA850D; };
		5AF07344E34733DDB8F9BC97 /* OpenGL.framework */ = {isa = PBXBuildFile; fileRef = 31A9628A815B32BDE4825138; };
		5C61DA82D576FDF1D5239E09 /* include_juce_opengl.mm */ = {isa = PBXBuildFile; fileRef = E9B10D7112644866B7E9E69E; };
		622C22926BDCD084D8D3DDC6 /* ReactionManagerUI.cpp */ = {isa = PBXBuildFile; fileRef = 979AB46578CDD5433CE6BAB9; };
		62CE9A5FFE46AEFCDB7DB8D8 /* EntityManagerUI.cpp */ = {isa = PBXBuildFile; fileRef = 577810CB9FAEA9049E0ABA1E; };
		62E8E11A62C4C950EB430351 /* PhasePlaneUI.cpp */ = {isa = PBXBuildFile; fileRef = F77C398492396D6464E64DF6; };
		6C2F77C121AD3706CFE51CE2 /* include_juce_organicui2.cpp */ = {isa = PBXBuildFile; fileRef = B839AC5419C29F56D15AF22C; };
		7901AB2D0CDD47E7997BA379 /* Settings.cpp */ = {isa = PBXBuildFile; fileRef = EE17CAEE78682725DB5BBF14; };
		79864665CA44312AD50D238E /* include_juce_organicui3.cpp */ = {isa = PBXBuildFile; fileRef = B1E31D9C1C0073541A716045; };
		7BAFE20C075CDBA708F48D0D /* include_juce_organicui.cpp */ = {isa = PBXBuildFile; fileRef = B3FF5146B9527D733EAEFFBC; };
		7D8D7A318F242F63ABE5FC58 /* MetalKit.framework */ = {isa = PBXBuildFile; fileRef = DD5AD796CD0E785CF0F03B83; settings = { ATTRIBUTES = (Weak, ); }; };
		8963F25C4FE63C03487741C4 /* include_juce_organicui2b.cpp */ = {isa = PBXBuildFile; fileRef = 809AF05ED9C59B5B3A458EF0; };
		8B14B5695B4D2A3EA6E788AB /* include_juce_data_structures.mm */ = {isa = PBXBuildFile; fileRef = AAC570EA24B0912905F457EC; };
		8C03AC320571C486402374B8 /* MainComponentCommands.cpp */ = {isa = PBXBuildFile; fileRef = 6B28E7757C58181F28CE8C98; };
		8EAC159D59629BBA0E4E8827 /* Statistics.cpp */ = {isa = PBXBuildFile; fileRef = 4DBF9F1D0A2E3555D7B43C2B; };
		8F5ACC62B28396A759091735 /* BinaryData.cpp */ = {isa = PBXBuildFile; fileRef = 50682746CF60D34B2CF06E5B; };
		90BC5390DB65247E8BFCBEC1 /* GenerationUI.cpp */ = {isa = PBXBuildFile; fileRef = 85738E6567AAAF5831E08056; };
		A0FEEF4C684BC19BAD78EEC8 /* Security.framework */ = {isa = PBXBuildFile; fileRef = E9CB0DD14A5FB3D546279B62; };
		A6BDC76D23924E3E2FDE6DC5 /* ReactionUI.cpp */ = {isa = PBXBuildFile; fileRef = 469CB20A298492D8A306BC2D; };
		AD95F5770373DCE1BA608398 /* Space.cpp */ = {isa = PBXBuildFile; fileRef = 08546C480AA55B55148DA0C9; };
		B53390FB7C75A3E1DF966390 /* Foundation.framework */ = {isa = PBXBuildFile; fileRef = 2C70B295F1FD425BAF034037; };
		B5578228D88F937CA7AC7BFE /* SimulationUI.cpp */ = {isa = PBXBuildFile; fileRef = 4D107F5B6E186C13EEB8FFAA; };
		B83FAAD5FAAF6281C243D176 /* include_juce_events.mm */ = {isa = PBXBuildFile; fileRef = FB13568AE887A042A24B8615; };
		BA79B2FB07C46F91B5002051 /* PhasePlane.cpp */ = {isa = PBXBuildFile; fileRef = C31076E2A60099C801D02DFC; };
		BC56B1398766CC3768FD2DB7 /* SettingsUI.cpp */ = {isa = PBXBuildFile; fileRef = 828DE22CEC4B72C6FAFA60C7; };
		BF8EDB88322C998769A498EA /* include_juce_gui_extra.mm */ = {isa = PBXBuildFile; fileRef = 254D3044A95762CDE06EA4C4; };
		C39C3931D634E95D605B4187 /* Cocoa.framework */ = {isa = PBXBuildFile; fileRef = 7DEB9EEC5E065FB07DB498C9; };
		C4F4A0A9768358CFD703DC56 /* Metal.framework */ = {isa = PBXBuildFile; fileRef = 9C777874D6DDED0AF1A9C0F9; settings = { ATTRIBUTES = (Weak, ); }; };
		C7DD4B3A6E26C93056BA9AA3 /* include_juce_gui_basics.mm */ = {isa = PBXBuildFile; fileRef = 8C878E400E743CDBDEFDE449; };
		C96344D043028DB34B18094D /* MainComponent.cpp */ = {isa = PBXBuildFile; fileRef = 75DE9D4D888466F8BE4DED40; };
		CF4DB48E03A71FA022706B76 /* QuartzCore.framework */ = {isa = PBXBuildFile; fileRef = 551A1F2644A00B3694FFEF03; };
		D4E8B5AB578CB4E6DB7F792D /* Reaction.cpp */ = {isa = PBXBuildFile; fileRef = EAECDD9F00C30A7B00179823; };
		D5AD34FD2951048E47C75452 /* IOKit.framework */ = {isa = PBXBuildFile; fileRef = 5310EA5CBC9D152C73B414D8; };
		D69C0FC58395E0C7AC953EFC /* SpaceUI.cpp */ = {isa = PBXBuildFile; fileRef = 54E6994C54A8EC8ABBBC1F30; };
		EAE544A3F8ADEDE5960C264D /* include_juce_core.mm */ = {isa = PBXBuildFile; fileRef = 2F15FC5A32107F5E083CD650; };
		EB79FEB1008F17C067D2C223 /* PACUI.cpp */ = {isa = PBXBuildFile; fileRef = 48F73767A72C8D61533FE10D; };
		ED7EFB546DF9D12CADD1C9B8 /* SteadyStates.cpp */ = {isa = PBXBuildFile; fileRef = FB681EF776A25D6A16BA5E15; };
		F34AE2E6390E2FBC86D0636E /* Main.cpp */ = {isa = PBXBuildFile; fileRef = 9EC0C402F7E2CEA90A038BD5; };
		F8513DF1E55AD29FEFB24087 /* EntityUI.cpp */ = {isa = PBXBuildFile; fileRef = 25A0FA04997684B70632E61E; };
		FB4790411EA2687DD2287B98 /* WebKit.framework */ = {isa = PBXBuildFile; fileRef = AB18201445A02AF468BA32C2; };
		FD74B3EC7E4E6FF0A5C8EA84 /* Simulation.cpp */ = {isa = PBXBuildFile; fileRef = 2EEFFE67A4CBED22C54E8AFB; };
/* End PBXBuildFile section */

/* Begin PBXFileReference section */
		08546C480AA55B55148DA0C9 /* Space.cpp */ /* Space.cpp */ = {isa = PBXFileReference; lastKnownFileType = sourcecode.cpp.cpp; name = Space.cpp; path = ../../Source/Simulation/Space.cpp; sourceTree = SOURCE_ROOT; };
		086E2A709DB2A17B51F3FF2F /* Util.cpp */ /* Util.cpp */ = {isa = PBXFileReference; lastKnownFileType = sourcecode.cpp.cpp; name = Util.cpp; path = ../../Source/Simulation/Util.cpp; sourceTree = SOURCE_ROOT; };
		0A3CC5BA63C4CFB8D89F0D2A /* PAC.cpp */ /* PAC.cpp */ = {isa = PBXFileReference; lastKnownFileType = sourcecode.cpp.cpp; name = PAC.cpp; path = ../../Source/Simulation/PAC.cpp; sourceTree = SOURCE_ROOT; };
		0A7A50722F6E3517F56701A7 /* juce_graphics */ /* juce_graphics */ = {isa = PBXFileReference; lastKnownFileType = folder; name = juce_graphics; path = ../../JUCE/modules/juce_graphics; sourceTree = SOURCE_ROOT; };
		1F5B27D8DE5DC63B14C5CE59 /* SimulationUI.h */ /* SimulationUI.h */ = {isa = PBXFileReference; lastKnownFileType = sourcecode.c.h; name = SimulationUI.h; path = ../../Source/Simulation/ui/SimulationUI.h; sourceTree = SOURCE_ROOT; };
		20F925379B77181596EEDB1D /* Simulation.h */ /* Simulation.h */ = {isa = PBXFileReference; lastKnownFileType = sourcecode.c.h; name = Simulation.h; path = ../../Source/Simulation/Simulation.h; sourceTree = SOURCE_ROOT; };
		225D31E751DDE0809F5D7E07 /* BinaryData.h */ /* BinaryData.h */ = {isa = PBXFileReference; lastKnownFileType = sourcecode.c.h; name = BinaryData.h; path = ../../JuceLibraryCode/BinaryData.h; sourceTree = SOURCE_ROOT; };
		22B76F4980A22D40C97C8996 /* EntityManager.cpp */ /* EntityManager.cpp */ = {isa = PBXFileReference; lastKnownFileType = sourcecode.cpp.cpp; name = EntityManager.cpp; path = ../../Source/Simulation/EntityManager.cpp; sourceTree = SOURCE_ROOT; };
		254D3044A95762CDE06EA4C4 /* include_juce_gui_extra.mm */ /* include_juce_gui_extra.mm */ = {isa = PBXFileReference; lastKnownFileType = sourcecode.cpp.objcpp; name = include_juce_gui_extra.mm; path = ../../JuceLibraryCode/include_juce_gui_extra.mm; sourceTree = SOURCE_ROOT; };
		25A0FA04997684B70632E61E /* EntityUI.cpp */ /* EntityUI.cpp */ = {isa = PBXFileReference; lastKnownFileType = sourcecode.cpp.cpp; name = EntityUI.cpp; path = ../../Source/Simulation/ui/EntityUI.cpp; sourceTree = SOURCE_ROOT; };
		26301CA02A17C32F6C80E82D /* FirstExitTime.cpp */ /* FirstExitTime.cpp */ = {isa = PBXFileReference; lastKnownFileType = sourcecode.cpp.cpp; name = FirstExitTime.cpp; path = ../../Source/Engine/FirstExitTime.cpp; sourceTree = SOURCE_ROOT; };
		26C7EE0B659D568885121040 /* juce_events */ /* juce_events */ = {isa = PBXFileReference; lastKnownFileType = folder; name = juce_events; path = ../../JUCE/modules/juce_events; sourceTree = SOURCE_ROOT; };
		2B75259F150E51EF767164FE /* default.nslayout */ /* default.nslayout */ = {isa = PBXFileReference; lastKnownFileType = file.nslayout; name = default.nslayout; path = ../../Resources/default.nslayout; sourceTree = SOURCE_ROOT; };
		2C70B295F1FD425BAF034037 /* Foundation.framework */ /* Foundation.framework */ = {isa = PBXFileReference; lastKnownFileType = wrapper.framework; name = Foundation.framework; path = System/Library/Frameworks/Foundation.framework; sourceTree = SDKROOT; };
		2EEFFE67A4CBED22C54E8AFB /* Simulation.cpp */ /* Simulation.cpp */ = {isa = PBXFileReference; lastKnownFileType = sourcecode.cpp.cpp; name = Simulation.cpp; path = ../../Source/Simulation/Simulation.cpp; sourceTree = SOURCE_ROOT; };
		2F15FC5A32107F5E083CD650 /* include_juce_core.mm */ /* include_juce_core.mm */ = {isa = PBXFileReference; lastKnownFileType = sourcecode.cpp.objcpp; name = include_juce_core.mm; path = ../../JuceLibraryCode/include_juce_core.mm; sourceTree = SOURCE_ROOT; };
		31A9628A815B32BDE4825138 /* OpenGL.framework */ /* OpenGL.framework */ = {isa = PBXFileReference; lastKnownFileType = wrapper.framework; name = OpenGL.framework; path = System/Library/Frameworks/OpenGL.framework; sourceTree = SDKROOT; };
		337EDC1D47699E7B0471A30B /* SettingsUI.h */ /* SettingsUI.h */ = {isa = PBXFileReference; lastKnownFileType = sourcecode.c.h; name = SettingsUI.h; path = ../../Source/Simulation/ui/SettingsUI.h; sourceTree = SOURCE_ROOT; };
		34775FCE8D79E259E7C2C223 /* GenerationUI.h */ /* GenerationUI.h */ = {isa = PBXFileReference; lastKnownFileType = sourcecode.c.h; name = GenerationUI.h; path = ../../Source/Simulation/ui/GenerationUI.h; sourceTree = SOURCE_ROOT; };
		3CE103B6FC49120DB71A055B /* Entity.h */ /* Entity.h */ = {isa = PBXFileReference; lastKnownFileType = sourcecode.c.h; name = Entity.h; path = ../../Source/Simulation/Entity.h; sourceTree = SOURCE_ROOT; };
		3D5690C29AFD8D43233EE051 /* SteadyStates.h */ /* SteadyStates.h */ = {isa = PBXFileReference; lastKnownFileType = sourcecode.c.h; name = SteadyStates.h; path = ../../Source/Simulation/SteadyStates.h; sourceTree = SOURCE_ROOT; };
		3EDAAD93A12A43D70A06086E /* juce_osc */ /* juce_osc */ = {isa = PBXFileReference; lastKnownFileType = folder; name = juce_osc; path = ../../JUCE/modules/juce_osc; sourceTree = SOURCE_ROOT; };
		403459A56259FA0C77D01E6D /* SimEntity.cpp */ /* SimEntity.cpp */ = {isa = PBXFileReference; lastKnownFileType = sourcecode.cpp.cpp; name = SimEntity.cpp; path = ../../Source/Simulation/SimEntity.cpp; sourceTree = SOURCE_ROOT; };
		469CB20A298492D8A306BC2D /* ReactionUI.cpp */ /* ReactionUI.cpp */ = {isa = PBXFileReference; lastKnownFileType = sourcecode.cpp.cpp; name = ReactionUI.cpp; path = ../../Source/Simulation/ui/ReactionUI.cpp; sourceTree = SOURCE_ROOT; };
		48F73767A72C8D61533FE10D /* PACUI.cpp */ /* PACUI.cpp */ = {isa = PBXFileReference; lastKnownFileType = sourcecode.cpp.cpp; name = PACUI.cpp; path = ../../Source/Simulation/ui/PACUI.cpp; sourceTree = SOURCE_ROOT; };
		4A2B79A3FD61E51BDC5C6B7D /* Util.h */ /* Util.h */ = {isa = PBXFileReference; lastKnownFileType = sourcecode.c.h; name = Util.h; path = ../../Source/Simulation/Util.h; sourceTree = SOURCE_ROOT; };
		4CE811A299A9B796193E2AD5 /* juce_core */ /* juce_core */ = {isa = PBXFileReference; lastKnownFileType = folder; name = juce_core; path = ../../JUCE/modules/juce_core; sourceTree = SOURCE_ROOT; };
		4CFBA259531D5BF810C36978 /* App */ = {isa = PBXFileReference; explicitFileType = wrapper.application; includeInIndex = 0; path = EmergeNS.app; sourceTree = BUILT_PRODUCTS_DIR; };
		4D107F5B6E186C13EEB8FFAA /* SimulationUI.cpp */ /* SimulationUI.cpp */ = {isa = PBXFileReference; lastKnownFileType = sourcecode.cpp.cpp; name = SimulationUI.cpp; path = ../../Source/Simulation/ui/SimulationUI.cpp; sourceTree = SOURCE_ROOT; };
		4DBF9F1D0A2E3555D7B43C2B /* Statistics.cpp */ /* Statistics.cpp */ = {isa = PBXFileReference; lastKnownFileType = sourcecode.cpp.cpp; name = Statistics.cpp; path = ../../Source/Simulation/Statistics.cpp; sourceTree = SOURCE_ROOT; };
		4E3E31FE45D345BF189CF727 /* juce_gui_basics */ /* juce_gui_basics */ = {isa = PBXFileReference; lastKnownFileType = folder; name = juce_gui_basics; path = ../../JUCE/modules/juce_gui_basics; sourceTree = SOURCE_ROOT; };
		4FD2424E958330ED2CA2D27B /* juce_organicui */ /* juce_organicui */ = {isa = PBXFileReference; lastKnownFileType = folder; name = juce_organicui; path = ../../Modules/juce_organicui; sourceTree = SOURCE_ROOT; };
		50682746CF60D34B2CF06E5B /* BinaryData.cpp */ /* BinaryData.cpp */ = {isa = PBXFileReference; lastKnownFileType = sourcecode.cpp.cpp; name = BinaryData.cpp; path = ../../JuceLibraryCode/BinaryData.cpp; sourceTree = SOURCE_ROOT; };
		513783C722ABE4247EF332C1 /* include_juce_organicui4.cpp */ /* include_juce_organicui4.cpp */ = {isa = PBXFileReference; lastKnownFileType = sourcecode.cpp.cpp; name = include_juce_organicui4.cpp; path = ../../JuceLibraryCode/include_juce_organicui4.cpp; sourceTree = SOURCE_ROOT; };
		52E56048813A7330184D7706 /* ReactionManager.h */ /* ReactionManager.h */ = {isa = PBXFileReference; lastKnownFileType = sourcecode.c.h; name = ReactionManager.h; path = ../../Source/Simulation/ReactionManager.h; sourceTree = SOURCE_ROOT; };
		5310EA5CBC9D152C73B414D8 /* IOKit.framework */ /* IOKit.framework */ = {isa = PBXFileReference; lastKnownFileType = wrapper.framework; name = IOKit.framework; path = System/Library/Frameworks/IOKit.framework; sourceTree = SDKROOT; };
		54E6994C54A8EC8ABBBC1F30 /* SpaceUI.cpp */ /* SpaceUI.cpp */ = {isa = PBXFileReference; lastKnownFileType = sourcecode.cpp.cpp; name = SpaceUI.cpp; path = ../../Source/Simulation/ui/SpaceUI.cpp; sourceTree = SOURCE_ROOT; };
		551A1F2644A00B3694FFEF03 /* QuartzCore.framework */ /* QuartzCore.framework */ = {isa = PBXFileReference; lastKnownFileType = wrapper.framework; name = QuartzCore.framework; path = System/Library/Frameworks/QuartzCore.framework; sourceTree = SDKROOT; };
		577810CB9FAEA9049E0ABA1E /* EntityManagerUI.cpp */ /* EntityManagerUI.cpp */ = {isa = PBXFileReference; lastKnownFileType = sourcecode.cpp.cpp; name = EntityManagerUI.cpp; path = ../../Source/Simulation/ui/EntityManagerUI.cpp; sourceTree = SOURCE_ROOT; };
		57D49C4CAC730F256DDB59C0 /* SpaceUI.h */ /* SpaceUI.h */ = {isa = PBXFileReference; lastKnownFileType = sourcecode.c.h; name = SpaceUI.h; path = ../../Source/Simulation/ui/SpaceUI.h; sourceTree = SOURCE_ROOT; };
		581FB50CE9EE4551FB796564 /* include_juce_cryptography.mm */ /* include_juce_cryptography.mm */ = {isa = PBXFileReference; lastKnownFileType = sourcecode.cpp.objcpp; name = include_juce_cryptography.mm; path = ../../JuceLibraryCode/include_juce_cryptography.mm; sourceTree = SOURCE_ROOT; };
		5A4323D250C42070E4FCCF73 /* Space.h */ /* Space.h */ = {isa = PBXFileReference; lastKnownFileType = sourcecode.c.h; name = Space.h; path = ../../Source/Simulation/Space.h; sourceTree = SOURCE_ROOT; };
		5FF4DAD25E1E6CCF2E074C83 /* Generation.h */ /* Generation.h */ = {isa = PBXFileReference; lastKnownFileType = sourcecode.c.h; name = Generation.h; path = ../../Source/Simulation/Generation.h; sourceTree = SOURCE_ROOT; };
		64D238EC76299F98C6150FD1 /* EntityManagerUI.h */ /* EntityManagerUI.h */ = {isa = PBXFileReference; lastKnownFileType = sourcecode.c.h; name = EntityManagerUI.h; path = ../../Source/Simulation/ui/EntityManagerUI.h; sourceTree = SOURCE_ROOT; };
		65F597D7CEC8F963C92135A5 /* SimulationHelpers.h */ /* SimulationHelpers.h */ = {isa = PBXFileReference; lastKnownFileType = sourcecode.c.h; name = SimulationHelpers.h; path = ../../Source/Simulation/SimulationHelpers.h; sourceTree = SOURCE_ROOT; };
		6B28E7757C58181F28CE8C98 /* MainComponentCommands.cpp */ /* MainComponentCommands.cpp */ = {isa = PBXFileReference; lastKnownFileType = sourcecode.cpp.cpp; name = MainComponentCommands.cpp; path = ../../Source/MainComponentCommands.cpp; sourceTree = SOURCE_ROOT; };
		6F860C2BF4E1A836444D5B8E /* PAC.h */ /* PAC.h */ = {isa = PBXFileReference; lastKnownFileType = sourcecode.c.h; name = PAC.h; path = ../../Source/Simulation/PAC.h; sourceTree = SOURCE_ROOT; };
		72D7AE46F64E78FD9B283689 /* KineticLaw.h */ /* KineticLaw.h */ = {isa = PBXFileReference; lastKnownFileType = sourcecode.c.h; name = KineticLaw.h; path = ../../Source/Simulation/KineticLaw.h; sourceTree = SOURCE_ROOT; };
		74B0702C8DF6E5343D945394 /* ReactionManager.cpp */ /* ReactionManager.cpp */ = {isa = PBXFileReference; lastKnownFileType = sourcecode.cpp.cpp; name = ReactionManager.cpp; path = ../../Source/Simulation/ReactionManager.cpp; sourceTree = SOURCE_ROOT; };
		752B455ED22E03C642F99F2F /* SimEntity.h */ /* SimEntity.h */ = {isa = PBXFileReference; lastKnownFileType = sourcecode.c.h; name = SimEntity.h; path = ../../Source/Simulation/SimEntity.h; sourceTree = SOURCE_ROOT; };
		75DE9D4D888466F8BE4DED40 /* MainComponent.cpp */ /* MainComponent.cpp */ = {isa = PBXFileReference; lastKnownFileType = sourcecode.cpp.cpp; name = MainComponent.cpp; path = ../../Source/MainComponent.cpp; sourceTree = SOURCE_ROOT; };
		77084775E771DCA237CB8135 /* ReactionUI.h */ /* ReactionUI.h */ = {isa = PBXFileReference; lastKnownFileType = sourcecode.c.h; name = ReactionUI.h; path = ../../Source/Simulation/ui/ReactionUI.h; sourceTree = SOURCE_ROOT; };
		7DEB9EEC5E065FB07DB498C9 /* Cocoa.framework */ /* Cocoa.framework */ = {isa = PBXFileReference; lastKnownFileType = wrapper.framework; name = Cocoa.framework; path = System/Library/Frameworks/Cocoa.framework; sourceTree = SDKROOT; };
		801A8CFDD25479D99A16CF2E /* JuceHeader.h */ /* JuceHeader.h */ = {isa = PBXFileReference; lastKnownFileType = sourcecode.c.h; name = JuceHeader.h; path = ../../JuceLibraryCode/JuceHeader.h; sourceTree = SOURCE_ROOT; };
		809AF05ED9C59B5B3A458EF0 /* include_juce_organicui2b.cpp */ /* include_juce_organicui2b.cpp */ = {isa = PBXFileReference; lastKnownFileType = sourcecode.cpp.cpp; name = include_juce_organicui2b.cpp; path = ../../JuceLibraryCode/include_juce_organicui2b.cpp; sourceTree = SOURCE_ROOT; };
		828DE22CEC4B72C6FAFA60C7 /* SettingsUI.cpp */ /* SettingsUI.cpp */ = {isa = PBXFileReference; lastKnownFileType = sourcecode.cpp.cpp; name = SettingsUI.cpp; path = ../../Source/Simulation/ui/SettingsUI.cpp; sourceTree = SOURCE_ROOT; };
		83BF305CE5EF062C10932465 /* MainComponent.h */ /* MainComponent.h */ = {isa = PBXFileReference; lastKnownFileType = sourcecode.c.h; name = MainComponent.h; path = ../../Source/MainComponent.h; sourceTree = SOURCE_ROOT; };
		85738E6567AAAF5831E08056 /* GenerationUI.cpp */ /* GenerationUI.cpp */ = {isa = PBXFileReference; lastKnownFileType = sourcecode.cpp.cpp; name = GenerationUI.cpp; path = ../../Source/Simulation/ui/GenerationUI.cpp; sourceTree = SOURCE_ROOT; };
		89515CB4FD83FB1F197DB132 /* KineticLaw.cpp */ /* KineticLaw.cpp */ = {isa = PBXFileReference; lastKnownFileType = sourcecode.cpp.cpp; name = KineticLaw.cpp; path = ../../Source/Simulation/KineticLaw.cpp; sourceTree = SOURCE_ROOT; };
		8998AEBF8653D39BEF549D88 /* EntityUI.h */ /* EntityUI.h */ = {isa = PBXFileReference; lastKnownFileType = sourcecode.c.h; name = EntityUI.h; path = ../../Source/Simulation/ui/EntityUI.h; sourceTree = SOURCE_ROOT; };
		8C878E400E743CDBDEFDE449 /* include_juce_gui_basics.mm */ /* include_juce_gui_basics.mm */ = {isa = PBXFileReference; lastKnownFileType = sourcecode.cpp.objcpp; name = include_juce_gui_basics.mm; path = ../../JuceLibraryCode/include_juce_gui_basics.mm; sourceTree = SOURCE_ROOT; };
		8EAFE4B45B11A7B069C5CA3F /* SimReaction.h */ /* SimReaction.h */ = {isa = PBXFileReference; lastKnownFileType = sourcecode.c.h; name = SimReaction.h; path = ../../Source/Simulation/SimReaction.h; sourceTree = SOURCE_ROOT; };
		94ADA8C705B58B18B65F8620 /* include_juce_graphics.mm */ /* include_juce_graphics.mm */ = {isa = PBXFileReference; lastKnownFileType = sourcecode.cpp.objcpp; name = include_juce_graphics.mm; path = ../../JuceLibraryCode/include_juce_graphics.mm; sourceTree = SOURCE_ROOT; };
		979AB46578CDD5433CE6BAB9 /* ReactionManagerUI.cpp */ /* ReactionManagerUI.cpp */ = {isa = PBXFileReference; lastKnownFileType = sourcecode.cpp.cpp; name = ReactionManagerUI.cpp; path = ../../Source/Simulation/ui/ReactionManagerUI.cpp; sourceTree = SOURCE_ROOT; };
		9C777874D6DDED0AF1A9C0F9 /* Metal.framework */ /* Metal.framework */ = {isa = PBXFileReference; lastKnownFileType = wrapper.framework; name = Metal.framework; path = System/Library/Frameworks/Metal.framework; sourceTree = SDKROOT; };
		9D87137897220C2A6890BD5D /* PhasePlaneUI.h */ /* PhasePlaneUI.h */ = {isa = PBXFileReference; lastKnownFileType = sourcecode.c.h; name = PhasePlaneUI.h; path = ../../Source/Simulation/ui/PhasePlaneUI.h; sourceTree = SOURCE_ROOT; };
		9EC0C402F7E2CEA90A038BD5 /* Main.cpp */ /* Main.cpp */ = {isa = PBXFileReference; lastKnownFileType = sourcecode.cpp.cpp; name = Main.cpp; path = ../../Source/Main.cpp; sourceTree = SOURCE_ROOT; };
		A7BC937A724A15B058475F3E /* RecentFilesMenuTemplate.nib */ /* RecentFilesMenuTemplate.nib */ = {isa = PBXFileReference; lastKnownFileType = file.nib; name = RecentFilesMenuTemplate.nib; path = RecentFilesMenuTemplate.nib; sourceTree = SOURCE_ROOT; };
		AAC570EA24B0912905F457EC /* include_juce_data_structures.mm */ /* include_juce_data_structures.mm */ = {isa = PBXFileReference; lastKnownFileType = sourcecode.cpp.objcpp; name = include_juce_data_structures.mm; path = ../../JuceLibraryCode/include_juce_data_structures.mm; sourceTree = SOURCE_ROOT; };
		AB18201445A02AF468BA32C2 /* WebKit.framework */ /* WebKit.framework */ = {isa = PBXFileReference; lastKnownFileType = wrapper.framework; name = WebKit.framework; path = System/Library/Frameworks/WebKit.framework; sourceTree = SDKROOT; };
		AB46FF28AD2C6E63E27323E9 /* include_juce_osc.cpp */ /* include_juce_osc.cpp */ = {isa = PBXFileReference; lastKnownFileType = sourcecode.cpp.cpp; name = include_juce_osc.cpp; path = ../../JuceLibraryCode/include_juce_osc.cpp; sourceTree = SOURCE_ROOT; };
		ABACD94518FB78F24075F5C2 /* Entity.cpp */ /* Entity.cpp */ = {isa = PBXFileReference; lastKnownFileType = sourcecode.cpp.cpp; name = Entity.cpp; path = ../../Source/Simulation/Entity.cpp; sourceTree = SOURCE_ROOT; };
		B1E31D9C1C0073541A716045 /* include_juce_organicui3.cpp */ /* include_juce_organicui3.cpp */ = {isa = PBXFileReference; lastKnownFileType = sourcecode.cpp.cpp; name = include_juce_organicui3.cpp; path = ../../JuceLibraryCode/include_juce_organicui3.cpp; sourceTree = SOURCE_ROOT; };
		B3FF5146B9527D733EAEFFBC /* include_juce_organicui.cpp */ /* include_juce_organicui.cpp */ = {isa = PBXFileReference; lastKnownFileType = sourcecode.cpp.cpp; name = include_juce_organicui.cpp; path = ../../JuceLibraryCode/include_juce_organicui.cpp; sourceTree = SOURCE_ROOT; };
		B4A7D20EE7DD8FB3459E3169 /* FirstExitTime.h */ /* FirstExitTime.h */ = {isa = PBXFileReference; lastKnownFileType = sourcecode.c.h; name = FirstExitTime.h; path = ../../Source/Engine/FirstExitTime.h; sourceTree = SOURCE_ROOT; };
		B58663DFA5F4ADBB408B1828 /* EntityManager.h */ /* EntityManager.h */ = {isa = PBXFileReference; lastKnownFileType = sourcecode.c.h; name = EntityManager.h; path = ../../Source/Simulation/EntityManager.h; sourceTree = SOURCE_ROOT; };
		B8252F1965CFB9A32C234CA4 /* SimReaction.cpp */ /* SimReaction.cpp */ = {isa = PBXFileReference; lastKnownFileType = sourcecode.cpp.cpp; name = SimReaction.cpp; path = ../../Source/Simulation/SimReaction.cpp; sourceTree = SOURCE_ROOT; };
		B839AC5419C29F56D15AF22C /* include_juce_organicui2.cpp */ /* include_juce_organicui2.cpp */ = {isa = PBXFileReference; lastKnownFileType = sourcecode.cpp.cpp; name = include_juce_organicui2.cpp; path = ../../JuceLibraryCode/include_juce_organicui2.cpp; sourceTree = SOURCE_ROOT; };
		B89EBA8136FFF81B0224ADA4 /* PhasePlane.h */ /* PhasePlane.h */ = {isa = PBXFileReference; lastKnownFileType = sourcecode.c.h; name = PhasePlane.h; path = ../../Source/Simulation/PhasePlane.h; sourceTree = SOURCE_ROOT; };
		BB013463E169E25B6719AB6E /* Settings.h */ /* Settings.h */ = {isa = PBXFileReference; lastKnownFileType = sourcecode.c.h; name = Settings.h; path = ../../Source/Simulation/Settings.h; sourceTree = SOURCE_ROOT; };
		BB3ACC0D2C9A265AD098E785 /* Statistics.h */ /* Statistics.h */ = {isa = PBXFileReference; lastKnownFileType = sourcecode.c.h; name = Statistics.h; path = ../../Source/Simulation/Statistics.h; sourceTree = SOURCE_ROOT; };
		BC10A1C04E91AEE5A90A6453 /* Info-App.plist */ /* Info-App.plist */ = {isa = PBXFileReference; lastKnownFileType = text.plist.xml; name = "Info-App.plist"; path = "Info-App.plist"; sourceTree = SOURCE_ROOT; };
		C0E8E22458115E47E0AE43E3 /* juce_gui_extra */ /* juce_gui_extra */ = {isa = PBXFileReference; lastKnownFileType = folder; name = juce_gui_extra; path = ../../JUCE/modules/juce_gui_extra; sourceTree = SOURCE_ROOT; };
		C31076E2A60099C801D02DFC /* PhasePlane.cpp */ /* PhasePlane.cpp */ = {isa = PBXFileReference; lastKnownFileType = sourcecode.cpp.cpp; name = PhasePlane.cpp; path = ../../Source/Simulation/PhasePlane.cpp; sourceTree = SOURCE_ROOT; };
		C4C79DF356509EEBD9127A0E /* Reaction.h */ /* Reaction.h */ = {isa = PBXFileReference; lastKnownFileType = sourcecode.c.h; name = Reaction.h; path = ../../Source/Simulation/Reaction.h; sourceTree = SOURCE_ROOT; };
		C833D6AD5C82FFD248DA850D /* EmergeNSEngine.cpp */ /* EmergeNSEngine.cpp */ = {isa = PBXFileReference; lastKnownFileType = sourcecode.cpp.cpp; name = EmergeNSEngine.cpp; path = ../../Source/Engine/EmergeNSEngine.cpp; sourceTree = SOURCE_ROOT; };
		C8AFC50A3327F6268A27C854 /* juce_cryptography */ /* juce_cryptography */ = {isa = PBXFileReference; lastKnownFileType = folder; name = juce_cryptography; path = ../../JUCE/modules/juce_cryptography; sourceTree = SOURCE_ROOT; };
		C9BB0C859DCA69964A007AA8 /* PACUI.h */ /* PACUI.h */ = {isa = PBXFileReference; lastKnownFileType = sourcecode.c.h; name = PACUI.h; path = ../../Source/Simulation/ui/PACUI.h; sourceTree = SOURCE_ROOT; };
		D7B97D77FC6064DB8D8FB845 /* juce_opengl */ /* juce_opengl */ = {isa = PBXFileReference; lastKnownFileType = folder; name = juce_opengl; path = ../../JUCE/modules/juce_opengl; sourceTree = SOURCE_ROOT; };
		D8E436FB2DA37799939E2EC5 /* ReactionManagerUI.h */ /* ReactionManagerUI.h */ = {isa = PBXFileReference; lastKnownFileType = sourcecode.c.h; name = ReactionManagerUI.h; path = ../../Source/Simulation/ui/ReactionManagerUI.h; sourceTree = SOURCE_ROOT; };
		DD4594810EE458E97AD4DC65 /* Main.h */ /* Main.h */ = {isa = PBXFileReference; lastKnownFileType = sourcecode.c.h; name = Main.h; path = ../../Source/Main.h; sourceTree = SOURCE_ROOT; };
		DD5AD796CD0E785CF0F03B83 /* MetalKit.framework */ /* MetalKit.framework */ = {isa = PBXFileReference; lastKnownFileType = wrapper.framework; name = MetalKit.framework; path = System/Library/Frameworks/MetalKit.framework; sourceTree = SDKROOT; };
		E05C8A4530642669C3E0B8B0 /* EmergeNSEngine.h */ /* EmergeNSEngine.h */ = {isa = PBXFileReference; lastKnownFileType = sourcecode.c.h; name = EmergeNSEngine.h; path = ../../Source/Engine/EmergeNSEngine.h; sourceTree = SOURCE_ROOT; };
		E70390156D59535F88C324EE /* Generation.cpp */ /* Generation.cpp */ = {isa = PBXFileReference; lastKnownFileType = sourcecode.cpp.cpp; name = Generation.cpp; path = ../../Source/Simulation/Generation.cpp; sourceTree = SOURCE_ROOT; };
		E9B10D7112644866B7E9E69E /* include_juce_opengl.mm */ /* include_juce_opengl.mm */ = {isa = PBXFileReference; lastKnownFileType = sourcecode.cpp.objcpp; name = include_juce_opengl.mm; path = ../../JuceLibraryCode/include_juce_opengl.mm; sourceTree = SOURCE_ROOT; };
		E9CB0DD14A5FB3D546279B62 /* Security.framework */ /* Security.framework */ = {isa = PBXFileReference; lastKnownFileType = wrapper.framework; name = Security.framework; path = System/Library/Frameworks/Security.framework; sourceTree = SDKROOT; };
		EAECDD9F00C30A7B00179823 /* Reaction.cpp */ /* Reaction.cpp */ = {isa = PBXFileReference; lastKnownFileType = sourcecode.cpp.cpp; name = Reaction.cpp; path = ../../Source/Simulation/Reaction.cpp; sourceTree = SOURCE_ROOT; };
		EE05DE4E1FCE88EEBB110AE7 /* icon.png */ /* icon.png */ = {isa = PBXFileReference; lastKnownFileType = image.png; name = icon.png; path = ../../Resources/icon.png; sourceTree = SOURCE_ROOT; };
		EE17CAEE78682725DB5BBF14 /* Settings.cpp */ /* Settings.cpp */ = {isa = PBXFileReference; lastKnownFileType = sourcecode.cpp.cpp; name = Settings.cpp; path = ../../Source/Simulation/Settings.cpp; sourceTree = SOURCE_ROOT; };
		F77C398492396D6464E64DF6 /* PhasePlaneUI.cpp */ /* PhasePlaneUI.cpp */ = {isa = PBXFileReference; lastKnownFileType = sourcecode.cpp.cpp; name = PhasePlaneUI.cpp; path = ../../Source/Simulation/ui/PhasePlaneUI.cpp; sourceTree = SOURCE_ROOT; };
		FB13568AE887A042A24B8615 /* include_juce_events.mm */ /* include_juce_events.mm */ = {isa = PBXFileReference; lastKnownFileType = sourcecode.cpp.objcpp; name = include_juce_events.mm; path = ../../JuceLibraryCode/include_juce_events.mm; sourceTree = SOURCE_ROOT; };
		FB681EF776A25D6A16BA5E15 /* SteadyStates.cpp */ /* SteadyStates.cpp */ = {isa = PBXFileReference; lastKnownFileType = sourcecode.cpp.cpp; name = SteadyStates.cpp; path = ../../Source/Simulation/SteadyStates.cpp; sourceTree = SOURCE_ROOT; };
		FD64CFBD901EF3587D8EDD34 /* juce_data_structures */ /* juce_data_structures */ = {isa = PBXFileReference; lastKnownFileType = folder; name = juce_data_structures; path = ../../JUCE/modules/juce_data_structures; sourceTree = SOURCE_ROOT; };
/* End PBXFileReference section */

/* Begin PBXFrameworksBuildPhase section */
		1C1E9912DC3539D99CD63924 = {
			isa = PBXFrameworksBuildPhase;
			buildActionMask = 2147483647;
			files = (
				C39C3931D634E95D605B4187,
				B53390FB7C75A3E1DF966390,
				D5AD34FD2951048E47C75452,
				5AF07344E34733DDB8F9BC97,
				CF4DB48E03A71FA022706B76,
				A0FEEF4C684BC19BAD78EEC8,
				FB4790411EA2687DD2287B98,
				C4F4A0A9768358CFD703DC56,
				7D8D7A318F242F63ABE5FC58,
			);
			runOnlyForDeploymentPostprocessing = 0;
		};
/* End PBXFrameworksBuildPhase section */

/* Begin PBXGroup section */
		151EE2DBECB7AD429963C517 /* Frameworks */ = {
			isa = PBXGroup;
			children = (
				7DEB9EEC5E065FB07DB498C9,
				2C70B295F1FD425BAF034037,
				5310EA5CBC9D152C73B414D8,
				31A9628A815B32BDE4825138,
				551A1F2644A00B3694FFEF03,
				E9CB0DD14A5FB3D546279B62,
				AB18201445A02AF468BA32C2,
				9C777874D6DDED0AF1A9C0F9,
				DD5AD796CD0E785CF0F03B83,
			);
			name = Frameworks;
			sourceTree = "<group>";
		};
		2485712F6E6EC416A75E1175 /* Simulation */ = {
			isa = PBXGroup;
			children = (
				72D7AE46F64E78FD9B283689,
				89515CB4FD83FB1F197DB132,
				65F597D7CEC8F963C92135A5,
				56DFD94A5AB14A9FD1D28610,
				B8252F1965CFB9A32C234CA4,
				8EAFE4B45B11A7B069C5CA3F,
				403459A56259FA0C77D01E6D,
				752B455ED22E03C642F99F2F,
				6F860C2BF4E1A836444D5B8E,
				0A3CC5BA63C4CFB8D89F0D2A,
				52E56048813A7330184D7706,
				74B0702C8DF6E5343D945394,
				EAECDD9F00C30A7B00179823,
				C4C79DF356509EEBD9127A0E,
				ABACD94518FB78F24075F5C2,
				3CE103B6FC49120DB71A055B,
				E70390156D59535F88C324EE,
				5FF4DAD25E1E6CCF2E074C83,
				22B76F4980A22D40C97C8996,
				B58663DFA5F4ADBB408B1828,
				C31076E2A60099C801D02DFC,
				B89EBA8136FFF81B0224ADA4,
				EE17CAEE78682725DB5BBF14,
				BB013463E169E25B6719AB6E,
				20F925379B77181596EEDB1D,
				2EEFFE67A4CBED22C54E8AFB,
				FB681EF776A25D6A16BA5E15,
				3D5690C29AFD8D43233EE051,
				4DBF9F1D0A2E3555D7B43C2B,
				BB3ACC0D2C9A265AD098E785,
				08546C480AA55B55148DA0C9,
				5A4323D250C42070E4FCCF73,
				086E2A709DB2A17B51F3FF2F,
				4A2B79A3FD61E51BDC5C6B7D,
			);
			name = Simulation;
			sourceTree = "<group>";
		};
		2A545D1CF8B8BC81887FBBDD /* Engine */ = {
			isa = PBXGroup;
			children = (
				26301CA02A17C32F6C80E82D,
				B4A7D20EE7DD8FB3459E3169,
				C833D6AD5C82FFD248DA850D,
				E05C8A4530642669C3E0B8B0,
			);
			name = Engine;
			sourceTree = "<group>";
		};
		43DB3E6EC1D836D73D240008 /* JUCE Library Code */ = {
			isa = PBXGroup;
			children = (
				50682746CF60D34B2CF06E5B,
				225D31E751DDE0809F5D7E07,
				2F15FC5A32107F5E083CD650,
				581FB50CE9EE4551FB796564,
				AAC570EA24B0912905F457EC,
				FB13568AE887A042A24B8615,
				94ADA8C705B58B18B65F8620,
				8C878E400E743CDBDEFDE449,
				254D3044A95762CDE06EA4C4,
				E9B10D7112644866B7E9E69E,
				B3FF5146B9527D733EAEFFBC,
				B839AC5419C29F56D15AF22C,
				809AF05ED9C59B5B3A458EF0,
				B1E31D9C1C0073541A716045,
				513783C722ABE4247EF332C1,
				AB46FF28AD2C6E63E27323E9,
				801A8CFDD25479D99A16CF2E,
			);
			name = "JUCE Library Code";
			sourceTree = "<group>";
		};
		56DFD94A5AB14A9FD1D28610 /* ui */ = {
			isa = PBXGroup;
			children = (
				577810CB9FAEA9049E0ABA1E,
				64D238EC76299F98C6150FD1,
				25A0FA04997684B70632E61E,
				8998AEBF8653D39BEF549D88,
				85738E6567AAAF5831E08056,
				34775FCE8D79E259E7C2C223,
				48F73767A72C8D61533FE10D,
				C9BB0C859DCA69964A007AA8,
				F77C398492396D6464E64DF6,
				9D87137897220C2A6890BD5D,
				979AB46578CDD5433CE6BAB9,
				D8E436FB2DA37799939E2EC5,
				469CB20A298492D8A306BC2D,
				77084775E771DCA237CB8135,
				828DE22CEC4B72C6FAFA60C7,
				337EDC1D47699E7B0471A30B,
				4D107F5B6E186C13EEB8FFAA,
				1F5B27D8DE5DC63B14C5CE59,
				54E6994C54A8EC8ABBBC1F30,
				57D49C4CAC730F256DDB59C0,
			);
			name = ui;
			sourceTree = "<group>";
		};
		668FC90878A6BE9FCC07D931 /* EmergeNS */ = {
			isa = PBXGroup;
			children = (
				CA5FE672E9EBAF44B5F6E0E5,
				FB20A717FA4174BA531F5814,
			);
			name = EmergeNS;
			sourceTree = "<group>";
		};
		6A7C040162239EDE97BA5743 /* Products */ = {
			isa = PBXGroup;
			children = (
				4CFBA259531D5BF810C36978,
			);
			name = Products;
			sourceTree = "<group>";
		};
		6ECDC61FC07EA21110BE3EDB /* JUCE Modules */ = {
			isa = PBXGroup;
			children = (
				4CE811A299A9B796193E2AD5,
				C8AFC50A3327F6268A27C854,
				FD64CFBD901EF3587D8EDD34,
				26C7EE0B659D568885121040,
				0A7A50722F6E3517F56701A7,
				4E3E31FE45D345BF189CF727,
				C0E8E22458115E47E0AE43E3,
				D7B97D77FC6064DB8D8FB845,
				4FD2424E958330ED2CA2D27B,
				3EDAAD93A12A43D70A06086E,
			);
			name = "JUCE Modules";
			sourceTree = "<group>";
		};
		836D76FD4E91B8CFA983DC8E /* Source */ = {
			isa = PBXGroup;
			children = (
				668FC90878A6BE9FCC07D931,
				6ECDC61FC07EA21110BE3EDB,
				43DB3E6EC1D836D73D240008,
				EF23DB1FAD62514EF3471A20,
				151EE2DBECB7AD429963C517,
				6A7C040162239EDE97BA5743,
			);
			name = Source;
			sourceTree = "<group>";
		};
		CA5FE672E9EBAF44B5F6E0E5 /* Resources */ = {
			isa = PBXGroup;
			children = (
				2B75259F150E51EF767164FE,
				EE05DE4E1FCE88EEBB110AE7,
			);
			name = Resources;
			sourceTree = "<group>";
		};
		EF23DB1FAD62514EF3471A20 /* Resources */ = {
			isa = PBXGroup;
			children = (
				BC10A1C04E91AEE5A90A6453,
				A7BC937A724A15B058475F3E,
			);
			name = Resources;
			sourceTree = "<group>";
		};
		FB20A717FA4174BA531F5814 /* Source */ = {
			isa = PBXGroup;
			children = (
				2A545D1CF8B8BC81887FBBDD,
				2485712F6E6EC416A75E1175,
				DD4594810EE458E97AD4DC65,
				9EC0C402F7E2CEA90A038BD5,
				83BF305CE5EF062C10932465,
				75DE9D4D888466F8BE4DED40,
				6B28E7757C58181F28CE8C98,
			);
			name = Source;
			sourceTree = "<group>";
		};
/* End PBXGroup section */

/* Begin PBXNativeTarget section */
		5B3D1628EF20F7C3ACBE176B /* EmergeNS - App */ = {
			isa = PBXNativeTarget;
			buildConfigurationList = 3237CBCCC76BA23CCB1DDC97;
			buildPhases = (
				E4A246B5A2E146876BBD065F,
				D35A58DF532B798CA77FDA84,
				1C1E9912DC3539D99CD63924,
			);
			buildRules = (
			);
			dependencies = (
			);
			name = "EmergeNS - App";
			productName = EmergeNS;
			productReference = 4CFBA259531D5BF810C36978;
			productType = "com.apple.product-type.application";
		};
/* End PBXNativeTarget section */

/* Begin PBXProject section */
		A5CA2FF9AAADEE5D4F496D22 = {
			isa = PBXProject;
			attributes = {
				BuildIndependentTargetsInParallel = YES;
				LastUpgradeCheck = 1340;
				ORGANIZATIONNAME = "";
				TargetAttributes = {
					5B3D1628EF20F7C3ACBE176B = {
						SystemCapabilities = {
							com.apple.ApplicationGroups.iOS = {
								enabled = 0;
							};
							com.apple.HardenedRuntime = {
								enabled = 0;
							};
							com.apple.InAppPurchase = {
								enabled = 0;
							};
							com.apple.InterAppAudio = {
								enabled = 0;
							};
							com.apple.Push = {
								enabled = 0;
							};
							com.apple.Sandbox = {
								enabled = 0;
							};
						};
					};
				};
			};
			buildConfigurationList = 399CFC32A3C6090A77CA83BB;
			compatibilityVersion = "Xcode 3.2";
			hasScannedForEncodings = 0;
			knownRegions = (
				en,
				Base,
			);
			mainGroup = 836D76FD4E91B8CFA983DC8E;
			projectDirPath = "";
			projectRoot = "";
			targets = (
				5B3D1628EF20F7C3ACBE176B,
			);
		};
/* End PBXProject section */

/* Begin PBXResourcesBuildPhase section */
		E4A246B5A2E146876BBD065F = {
			isa = PBXResourcesBuildPhase;
			buildActionMask = 2147483647;
			files = (
				452DA69D456BD098F0FBFB8F,
			);
			runOnlyForDeploymentPostprocessing = 0;
		};
/* End PBXResourcesBuildPhase section */

/* Begin PBXSourcesBuildPhase section */
		D35A58DF532B798CA77FDA84 = {
			isa = PBXSourcesBuildPhase;
			buildActionMask = 2147483647;
			files = (
				11C8BC36151320EEFA34DDA0,
				5884FFF13E5628D9E1A530BD,
				17DC8E199AA7E3D7C45D537D,
				62CE9A5FFE46AEFCDB7DB8D8,
				F8513DF1E55AD29FEFB24087,
				90BC5390DB65247E8BFCBEC1,
				EB79FEB1008F17C067D2C223,
				62E8E11A62C4C950EB430351,
				622C22926BDCD084D8D3DDC6,
				A6BDC76D23924E3E2FDE6DC5,
				BC56B1398766CC3768FD2DB7,
				B5578228D88F937CA7AC7BFE,
				D69C0FC58395E0C7AC953EFC,
				19D5838B14F0ED8CB2B684DB,
				1490988804F81BDA6B60B654,
				2AA058B1E54B8EF86E9EF667,
				05AD1EC55D2C6302ED178B97,
				D4E8B5AB578CB4E6DB7F792D,
				172B54273F79561BA31CB92D,
				34CE593BA3911DF741A62A82,
				03FC72E5065CEF9E0C533385,
				BA79B2FB07C46F91B5002051,
				7901AB2D0CDD47E7997BA379,
				FD74B3EC7E4E6FF0A5C8EA84,
				ED7EFB546DF9D12CADD1C9B8,
				8EAC159D59629BBA0E4E8827,
				AD95F5770373DCE1BA608398,
				04BEEEBD7B492EBEEC19CF12,
				F34AE2E6390E2FBC86D0636E,
				C96344D043028DB34B18094D,
				8C03AC320571C486402374B8,
				8F5ACC62B28396A759091735,
				EAE544A3F8ADEDE5960C264D,
				02CC91DA07E6F4D5C1E371A0,
				8B14B5695B4D2A3EA6E788AB,
				B83FAAD5FAAF6281C243D176,
				56D3F2C0776F0EBF9BBBD19F,
				C7DD4B3A6E26C93056BA9AA3,
				BF8EDB88322C998769A498EA,
				5C61DA82D576FDF1D5239E09,
				7BAFE20C075CDBA708F48D0D,
				6C2F77C121AD3706CFE51CE2,
				8963F25C4FE63C03487741C4,
				79864665CA44312AD50D238E,
				3B92140033C6EB68B9EAFF70,
				060027DC34860C9C800706F6,
			);
			runOnlyForDeploymentPostprocessing = 0;
		};
/* End PBXSourcesBuildPhase section */

/* Begin XCBuildConfiguration section */
		0DC8A43A0EBB708F8121FC5D /* Release */ = {
			isa = XCBuildConfiguration;
			buildSettings = {
				ALWAYS_SEARCH_USER_PATHS = NO;
				CLANG_ENABLE_OBJC_WEAK = YES;
				CLANG_WARN_BLOCK_CAPTURE_AUTORELEASING = YES;
				CLANG_WARN_BOOL_CONVERSION = YES;
				CLANG_WARN_COMMA = YES;
				CLANG_WARN_CONSTANT_CONVERSION = YES;
				CLANG_WARN_DEPRECATED_OBJC_IMPLEMENTATIONS = YES;
				CLANG_WARN_EMPTY_BODY = YES;
				CLANG_WARN_ENUM_CONVERSION = YES;
				CLANG_WARN_INFINITE_RECURSION = YES;
				CLANG_WARN_INT_CONVERSION = YES;
				CLANG_WARN_NON_LITERAL_NULL_CONVERSION = YES;
				CLANG_WARN_OBJC_IMPLICIT_RETAIN_SELF = YES;
				CLANG_WARN_OBJC_LITERAL_CONVERSION = YES;
				CLANG_WARN_RANGE_LOOP_ANALYSIS = YES;
				CLANG_WARN_STRICT_PROTOTYPES = YES;
				CLANG_WARN_SUSPICIOUS_MOVE = YES;
				CLANG_WARN_UNREACHABLE_CODE = YES;
				CLANG_WARN__DUPLICATE_METHOD_MATCH = YES;
				CODE_SIGN_IDENTITY = "";
				DEBUG_INFORMATION_FORMAT = dwarf;
				ENABLE_STRICT_OBJC_MSGSEND = YES;
				ENABLE_TESTABILITY = NO;
				GCC_C_LANGUAGE_STANDARD = c11;
				GCC_INLINES_ARE_PRIVATE_EXTERN = YES;
				GCC_MODEL_TUNING = G5;
				GCC_NO_COMMON_BLOCKS = YES;
				GCC_SYMBOLS_PRIVATE_EXTERN = YES;
				GCC_WARN_64_TO_32_BIT_CONVERSION = YES;
				GCC_WARN_ABOUT_RETURN_TYPE = YES;
				GCC_WARN_CHECK_SWITCH_STATEMENTS = YES;
				GCC_WARN_MISSING_PARENTHESES = YES;
				GCC_WARN_NON_VIRTUAL_DESTRUCTOR = YES;
				GCC_WARN_TYPECHECK_CALLS_TO_PRINTF = YES;
				GCC_WARN_UNDECLARED_SELECTOR = YES;
				GCC_WARN_UNINITIALIZED_AUTOS = YES;
				GCC_WARN_UNUSED_FUNCTION = YES;
				GCC_WARN_UNUSED_VARIABLE = YES;
				OTHER_CODE_SIGN_FLAGS = --timestamp;
				PRODUCT_NAME = "EmergeNS";
				SDKROOT = macosx;
				WARNING_CFLAGS = "-Wreorder";
				ZERO_LINK = NO;
			};
			name = Release;
		};
		5816D9E4AA3233134E8DA4EE /* Release */ = {
			isa = XCBuildConfiguration;
			buildSettings = {
				CLANG_CXX_LANGUAGE_STANDARD = "c++17";
				CLANG_CXX_LIBRARY = "libc++";
				CLANG_LINK_OBJC_RUNTIME = NO;
				CODE_SIGN_IDENTITY = "";
				COMBINE_HIDPI_IMAGES = YES;
				CONFIGURATION_BUILD_DIR = "$(SRCROOT)/../../Release";
				DEAD_CODE_STRIPPING = YES;
				EXCLUDED_ARCHS = "i386 arm64e";
				GCC_GENERATE_DEBUGGING_SYMBOLS = NO;
				GCC_OPTIMIZATION_LEVEL = 3;
				GCC_PREPROCESSOR_DEFINITIONS = (
					"_NDEBUG=1",
					"NDEBUG=1",
					"JUCE_DISPLAY_SPLASH_SCREEN=0",
					"JUCE_USE_DARK_SPLASH_SCREEN=1",
					"JUCE_PROJUCER_VERSION=0x7000c",
					"JUCE_MODULE_AVAILABLE_juce_core=1",
					"JUCE_MODULE_AVAILABLE_juce_cryptography=1",
					"JUCE_MODULE_AVAILABLE_juce_data_structures=1",
					"JUCE_MODULE_AVAILABLE_juce_events=1",
					"JUCE_MODULE_AVAILABLE_juce_graphics=1",
					"JUCE_MODULE_AVAILABLE_juce_gui_basics=1",
					"JUCE_MODULE_AVAILABLE_juce_gui_extra=1",
					"JUCE_MODULE_AVAILABLE_juce_opengl=1",
					"JUCE_MODULE_AVAILABLE_juce_organicui=1",
					"JUCE_MODULE_AVAILABLE_juce_osc=1",
					"JUCE_GLOBAL_MODULE_SETTINGS_INCLUDED=1",
					"JUCE_STRICT_REFCOUNTEDPOINTER=1",
					"ORGANICUI_USE_DASHBOARDPANEL=0",
					"ORGANICUI_USE_PARROTPANEL=0",
					"ORGANICUI_USE_DETECTIVEPANEL=0",
					"ORGANICUI_USE_HELPPANEL=0",
					"JUCE_STANDALONE_APPLICATION=1",
					"WMULTICHAR=0",
					"JUCER_XCODE_MAC_2F3811D6=1",
					"JUCE_APP_VERSION=1.0.1",
					"JUCE_APP_VERSION_HEX=0x10001",
					"JucePlugin_Build_VST=0",
					"JucePlugin_Build_VST3=0",
					"JucePlugin_Build_AU=0",
					"JucePlugin_Build_AUv3=0",
					"JucePlugin_Build_AAX=0",
					"JucePlugin_Build_Standalone=0",
					"JucePlugin_Build_Unity=0",
					"JucePlugin_Build_LV2=0",
				);
				GCC_VERSION = com.apple.compilers.llvm.clang.1_0;
				HEADER_SEARCH_PATHS = (
					"$(SRCROOT)/../../JuceLibraryCode",
					"$(SRCROOT)/../../JUCE/modules",
					"$(SRCROOT)/../../Modules",
					"$(SRCROOT)/../../Source",
					"$(SRCROOT)/../../External/Eigen/include",
					"$(inherited)",
				);
				INFOPLIST_FILE = Info-App.plist;
				INFOPLIST_PREPROCESS = NO;
				INSTALL_PATH = "$(HOME)/Applications";
				LLVM_LTO = YES;
				MACOSX_DEPLOYMENT_TARGET = 10.13;
				MTL_HEADER_SEARCH_PATHS = "$(SRCROOT)/../../JuceLibraryCode $(SRCROOT)/../../JUCE/modules $(SRCROOT)/../../Modules $(SRCROOT)/../../Source $(SRCROOT)/../../External/Eigen/include";
				PRODUCT_BUNDLE_IDENTIFIER = com.yourcompany.EmergeNS;
				PRODUCT_NAME = "EmergeNS";
				USE_HEADERMAP = NO;
				VALIDATE_WORKSPACE_SKIPPED_SDK_FRAMEWORKS = OpenGL;
				VALID_ARCHS = "arm64 x86_64";
			};
			name = Release;
		};
		6AF5FAAFB847A97F64D839E9 /* ReleaseSilicon */ = {
			isa = XCBuildConfiguration;
			buildSettings = {
				ALWAYS_SEARCH_USER_PATHS = NO;
				CLANG_ENABLE_OBJC_WEAK = YES;
				CLANG_WARN_BLOCK_CAPTURE_AUTORELEASING = YES;
				CLANG_WARN_BOOL_CONVERSION = YES;
				CLANG_WARN_COMMA = YES;
				CLANG_WARN_CONSTANT_CONVERSION = YES;
				CLANG_WARN_DEPRECATED_OBJC_IMPLEMENTATIONS = YES;
				CLANG_WARN_EMPTY_BODY = YES;
				CLANG_WARN_ENUM_CONVERSION = YES;
				CLANG_WARN_INFINITE_RECURSION = YES;
				CLANG_WARN_INT_CONVERSION = YES;
				CLANG_WARN_NON_LITERAL_NULL_CONVERSION = YES;
				CLANG_WARN_OBJC_IMPLICIT_RETAIN_SELF = YES;
				CLANG_WARN_OBJC_LITERAL_CONVERSION = YES;
				CLANG_WARN_RANGE_LOOP_ANALYSIS = YES;
				CLANG_WARN_STRICT_PROTOTYPES = YES;
				CLANG_WARN_SUSPICIOUS_MOVE = YES;
				CLANG_WARN_UNREACHABLE_CODE = YES;
				CLANG_WARN__DUPLICATE_METHOD_MATCH = YES;
				CODE_SIGN_IDENTITY = "";
				DEBUG_INFORMATION_FORMAT = dwarf;
				ENABLE_STRICT_OBJC_MSGSEND = YES;
				ENABLE_TESTABILITY = NO;
				GCC_C_LANGUAGE_STANDARD = c11;
				GCC_INLINES_ARE_PRIVATE_EXTERN = YES;
				GCC_MODEL_TUNING = G5;
				GCC_NO_COMMON_BLOCKS = YES;
				GCC_SYMBOLS_PRIVATE_EXTERN = YES;
				GCC_WARN_64_TO_32_BIT_CONVERSION = YES;
				GCC_WARN_ABOUT_RETURN_TYPE = YES;
				GCC_WARN_CHECK_SWITCH_STATEMENTS = YES;
				GCC_WARN_MISSING_PARENTHESES = YES;
				GCC_WARN_NON_VIRTUAL_DESTRUCTOR = YES;
				GCC_WARN_TYPECHECK_CALLS_TO_PRINTF = YES;
				GCC_WARN_UNDECLARED_SELECTOR = YES;
				GCC_WARN_UNINITIALIZED_AUTOS = YES;
				GCC_WARN_UNUSED_FUNCTION = YES;
				GCC_WARN_UNUSED_VARIABLE = YES;
				OTHER_CODE_SIGN_FLAGS = --timestamp;
				PRODUCT_NAME = "EmergeNS";
				SDKROOT = macosx;
				WARNING_CFLAGS = "-Wreorder";
				ZERO_LINK = NO;
			};
			name = ReleaseSilicon;
		};
		A4E953062A77526234675954 /* ReleaseSilicon */ = {
			isa = XCBuildConfiguration;
			buildSettings = {
				CLANG_CXX_LANGUAGE_STANDARD = "c++17";
				CLANG_CXX_LIBRARY = "libc++";
				CLANG_LINK_OBJC_RUNTIME = NO;
				CODE_SIGN_IDENTITY = "";
				COMBINE_HIDPI_IMAGES = YES;
				CONFIGURATION_BUILD_DIR = "$(SRCROOT)/../../Release";
				DEAD_CODE_STRIPPING = YES;
				EXCLUDED_ARCHS = "i386 arm64e";
				GCC_GENERATE_DEBUGGING_SYMBOLS = NO;
				GCC_OPTIMIZATION_LEVEL = 3;
				GCC_PREPROCESSOR_DEFINITIONS = (
					"_NDEBUG=1",
					"NDEBUG=1",
					"JUCE_DISPLAY_SPLASH_SCREEN=0",
					"JUCE_USE_DARK_SPLASH_SCREEN=1",
					"JUCE_PROJUCER_VERSION=0x7000c",
					"JUCE_MODULE_AVAILABLE_juce_core=1",
					"JUCE_MODULE_AVAILABLE_juce_cryptography=1",
					"JUCE_MODULE_AVAILABLE_juce_data_structures=1",
					"JUCE_MODULE_AVAILABLE_juce_events=1",
					"JUCE_MODULE_AVAILABLE_juce_graphics=1",
					"JUCE_MODULE_AVAILABLE_juce_gui_basics=1",
					"JUCE_MODULE_AVAILABLE_juce_gui_extra=1",
					"JUCE_MODULE_AVAILABLE_juce_opengl=1",
					"JUCE_MODULE_AVAILABLE_juce_organicui=1",
					"JUCE_MODULE_AVAILABLE_juce_osc=1",
					"JUCE_GLOBAL_MODULE_SETTINGS_INCLUDED=1",
					"JUCE_STRICT_REFCOUNTEDPOINTER=1",
					"ORGANICUI_USE_DASHBOARDPANEL=0",
					"ORGANICUI_USE_PARROTPANEL=0",
					"ORGANICUI_USE_DETECTIVEPANEL=0",
					"ORGANICUI_USE_HELPPANEL=0",
					"JUCE_STANDALONE_APPLICATION=1",
					"WMULTICHAR=0",
					"JUCER_XCODE_MAC_2F3811D6=1",
					"JUCE_APP_VERSION=1.0.1",
					"JUCE_APP_VERSION_HEX=0x10001",
					"JucePlugin_Build_VST=0",
					"JucePlugin_Build_VST3=0",
					"JucePlugin_Build_AU=0",
					"JucePlugin_Build_AUv3=0",
					"JucePlugin_Build_AAX=0",
					"JucePlugin_Build_Standalone=0",
					"JucePlugin_Build_Unity=0",
					"JucePlugin_Build_LV2=0",
				);
				GCC_VERSION = com.apple.compilers.llvm.clang.1_0;
				HEADER_SEARCH_PATHS = (
					"$(SRCROOT)/../../JuceLibraryCode",
					"$(SRCROOT)/../../JUCE/modules",
					"$(SRCROOT)/../../Modules",
					"$(SRCROOT)/../../Source",
					"$(SRCROOT)/../../External/Eigen/include",
					"$(inherited)",
				);
				INFOPLIST_FILE = Info-App.plist;
				INFOPLIST_PREPROCESS = NO;
				INSTALL_PATH = "$(HOME)/Applications";
				LLVM_LTO = YES;
				MACOSX_DEPLOYMENT_TARGET = 10.13;
				MTL_HEADER_SEARCH_PATHS = "$(SRCROOT)/../../JuceLibraryCode $(SRCROOT)/../../JUCE/modules $(SRCROOT)/../../Modules $(SRCROOT)/../../Source $(SRCROOT)/../../External/Eigen/include";
				PRODUCT_BUNDLE_IDENTIFIER = com.yourcompany.EmergeNS;
				PRODUCT_NAME = "EmergeNS";
				USE_HEADERMAP = NO;
				VALIDATE_WORKSPACE_SKIPPED_SDK_FRAMEWORKS = OpenGL;
				VALID_ARCHS = "arm64 x86_64";
			};
			name = ReleaseSilicon;
		};
/* End XCBuildConfiguration section */

/* Begin XCConfigurationList section */
		3237CBCCC76BA23CCB1DDC97 = {
			isa = XCConfigurationList;
			buildConfigurations = (
				5816D9E4AA3233134E8DA4EE,
				A4E953062A77526234675954,
			);
			defaultConfigurationIsVisible = 0;
			defaultConfigurationName = Release;
		};
		399CFC32A3C6090A77CA83BB = {
			isa = XCConfigurationList;
			buildConfigurations = (
				0DC8A43A0EBB708F8121FC5D,
				6AF5FAAFB847A97F64D839E9,
			);
			defaultConfigurationIsVisible = 0;
			defaultConfigurationName = Release;
		};
/* End XCConfigurationList section */
	};
	rootObject = A5CA2FF9AAADEE5D4F496D22 /* Project object */;
}
